
Microsoft Visual Studio Solution File, Format Version 12.00
# Visual Studio Version 16
VisualStudioVersion = 16.0.29102.190
MinimumVisualStudioVersion = 10.0.40219.1
Project("{9A19103F-16F7-4668-BE54-9A1E7A4F7556}") = "app", "src\app\app.csproj", "{32E08BAA-1E2B-4296-A864-EC016D515A3C}"
EndProject
Project("{9A19103F-16F7-4668-BE54-9A1E7A4F7556}") = "test", "src\test\test.csproj", "{2A1B3FEE-CBC3-4B90-B1FC-89660542123C}"
EndProject
Project("{9A19103F-16F7-4668-BE54-9A1E7A4F7556}") = "core", "src\core\core.csproj", "{B0E7A4AD-512B-4B2D-A3D0-C4243942370D}"
EndProject
Global
	GlobalSection(SolutionConfigurationPlatforms) = preSolution
		Debug|Any CPU = Debug|Any CPU
		Release|Any CPU = Release|Any CPU
	EndGlobalSection
	GlobalSection(ProjectConfigurationPlatforms) = postSolution
		{32E08BAA-1E2B-4296-A864-EC016D515A3C}.Debug|Any CPU.ActiveCfg = Debug|Any CPU
		{32E08BAA-1E2B-4296-A864-EC016D515A3C}.Debug|Any CPU.Build.0 = Debug|Any CPU
		{32E08BAA-1E2B-4296-A864-EC016D515A3C}.Release|Any CPU.ActiveCfg = Release|Any CPU
		{32E08BAA-1E2B-4296-A864-EC016D515A3C}.Release|Any CPU.Build.0 = Release|Any CPU
		{2A1B3FEE-CBC3-4B90-B1FC-89660542123C}.Debug|Any CPU.ActiveCfg = Debug|Any CPU
		{2A1B3FEE-CBC3-4B90-B1FC-89660542123C}.Debug|Any CPU.Build.0 = Debug|Any CPU
		{2A1B3FEE-CBC3-4B90-B1FC-89660542123C}.Release|Any CPU.ActiveCfg = Release|Any CPU
		{2A1B3FEE-CBC3-4B90-B1FC-89660542123C}.Release|Any CPU.Build.0 = Release|Any CPU
		{B0E7A4AD-512B-4B2D-A3D0-C4243942370D}.Debug|Any CPU.ActiveCfg = Debug|Any CPU
		{B0E7A4AD-512B-4B2D-A3D0-C4243942370D}.Debug|Any CPU.Build.0 = Debug|Any CPU
		{B0E7A4AD-512B-4B2D-A3D0-C4243942370D}.Release|Any CPU.ActiveCfg = Release|Any CPU
		{B0E7A4AD-512B-4B2D-A3D0-C4243942370D}.Release|Any CPU.Build.0 = Release|Any CPU
	EndGlobalSection
	GlobalSection(SolutionProperties) = preSolution
		HideSolutionNode = FALSE
	EndGlobalSection
	GlobalSection(ExtensibilityGlobals) = postSolution
		SolutionGuid = {A127259F-9A69-4BD6-A095-2F4849C0CD4D}
	EndGlobalSection
EndGlobal
